Microsoft Visual Studio Solution File, Format Version 12.00
# Visual Studio Version 17
VisualStudioVersion = 17.5.2.0
MinimumVisualStudioVersion = 10.0.40219.1
Project("{FAE04EC0-301F-11D3-BF4B-00C04F79EFBC}") = "MovieApi", "MovieApi\MovieApi.csproj", "{6BA937CA-1378-37DE-88FA-38E03D4AF40E}"
EndProject
Global
	GlobalSection(SolutionConfigurationPlatforms) = preSolution
		Debug|Any CPU = Debug|Any CPU
		Release|Any CPU = Release|Any CPU
	EndGlobalSection
	GlobalSection(ProjectConfigurationPlatforms) = postSolution
		{6BA937CA-1378-37DE-88FA-38E03D4AF40E}.Debug|Any CPU.ActiveCfg = Debug|Any CPU
		{6BA937CA-1378-37DE-88FA-38E03D4AF40E}.Debug|Any CPU.Build.0 = Debug|Any CPU
		{6BA937CA-1378-37DE-88FA-38E03D4AF40E}.Release|Any CPU.ActiveCfg = Release|Any CPU
		{6BA937CA-1378-37DE-88FA-38E03D4AF40E}.Release|Any CPU.Build.0 = Release|Any CPU
	EndGlobalSection
	GlobalSection(SolutionProperties) = preSolution
		HideSolutionNode = FALSE
	EndGlobalSection
	GlobalSection(ExtensibilityGlobals) = postSolution
		SolutionGuid = {72004A21-0BDB-4B85-8F91-129EE86B1A1A}
	EndGlobalSection
EndGlobal
